
Microsoft Visual Studio Solution File, Format Version 12.00
# Visual Studio Version 17
VisualStudioVersion = 17.5.33414.496
MinimumVisualStudioVersion = 10.0.40219.1
Project("{FAE04EC0-301F-11D3-BF4B-00C04F79EFBC}") = "TP_MOD3_1302213052", "TP_MOD3_1302213052\TP_MOD3_1302213052.csproj", "{F6E8C809-86EC-40BD-A37C-6B68EF58D735}"
EndProject
Global
	GlobalSection(SolutionConfigurationPlatforms) = preSolution
		Debug|Any CPU = Debug|Any CPU
		Release|Any CPU = Release|Any CPU
	EndGlobalSection
	GlobalSection(ProjectConfigurationPlatforms) = postSolution
		{F6E8C809-86EC-40BD-A37C-6B68EF58D735}.Debug|Any CPU.ActiveCfg = Debug|Any CPU
		{F6E8C809-86EC-40BD-A37C-6B68EF58D735}.Debug|Any CPU.Build.0 = Debug|Any CPU
		{F6E8C809-86EC-40BD-A37C-6B68EF58D735}.Release|Any CPU.ActiveCfg = Release|Any CPU
		{F6E8C809-86EC-40BD-A37C-6B68EF58D735}.Release|Any CPU.Build.0 = Release|Any CPU
	EndGlobalSection
	GlobalSection(SolutionProperties) = preSolution
		HideSolutionNode = FALSE
	EndGlobalSection
	GlobalSection(ExtensibilityGlobals) = postSolution
		SolutionGuid = {CF79751F-1696-429F-9836-4B04BCC43F3D}
	EndGlobalSection
EndGlobal
